// !$*UTF8*$!
{
	archiveVersion = 1;
	classes = {
	};
	objectVersion = 46;
	objects = {

/* Begin PBXBuildFile section */
		41325B4B17DC346A0010F16A /* Product.m in Sources */ = {isa = PBXBuildFile; fileRef = 41325B4A17DC346A0010F16A /* Product.m */; };
		41325B5B17DC3B180010F16A /* TTTAddressFormatter.m in Sources */ = {isa = PBXBuildFile; fileRef = 41325B4E17DC3B180010F16A /* TTTAddressFormatter.m */; };
		41325B5C17DC3B180010F16A /* TTTArrayFormatter.m in Sources */ = {isa = PBXBuildFile; fileRef = 41325B5017DC3B180010F16A /* TTTArrayFormatter.m */; };
		41325B5D17DC3B180010F16A /* TTTLocationFormatter.m in Sources */ = {isa = PBXBuildFile; fileRef = 41325B5217DC3B180010F16A /* TTTLocationFormatter.m */; };
		41325B5E17DC3B180010F16A /* TTTOrdinalNumberFormatter.m in Sources */ = {isa = PBXBuildFile; fileRef = 41325B5417DC3B180010F16A /* TTTOrdinalNumberFormatter.m */; };
		41325B5F17DC3B180010F16A /* TTTTimeIntervalFormatter.m in Sources */ = {isa = PBXBuildFile; fileRef = 41325B5617DC3B180010F16A /* TTTTimeIntervalFormatter.m */; };
		41325B6017DC3B180010F16A /* TTTUnitOfInformationFormatter.m in Sources */ = {isa = PBXBuildFile; fileRef = 41325B5817DC3B180010F16A /* TTTUnitOfInformationFormatter.m */; };
		41325B6117DC3B180010F16A /* TTTURLRequestFormatter.m in Sources */ = {isa = PBXBuildFile; fileRef = 41325B5A17DC3B180010F16A /* TTTURLRequestFormatter.m */; };
		41325B7617DC6F5F0010F16A /* AFHTTPClient.m in Sources */ = {isa = PBXBuildFile; fileRef = 41325B6417DC6F5F0010F16A /* AFHTTPClient.m */; };
		41325B7717DC6F5F0010F16A /* AFHTTPRequestOperation.m in Sources */ = {isa = PBXBuildFile; fileRef = 41325B6617DC6F5F0010F16A /* AFHTTPRequestOperation.m */; };
		41325B7817DC6F5F0010F16A /* AFImageRequestOperation.m in Sources */ = {isa = PBXBuildFile; fileRef = 41325B6817DC6F5F0010F16A /* AFImageRequestOperation.m */; };
		41325B7917DC6F5F0010F16A /* AFJSONRequestOperation.m in Sources */ = {isa = PBXBuildFile; fileRef = 41325B6A17DC6F5F0010F16A /* AFJSONRequestOperation.m */; };
		41325B7A17DC6F5F0010F16A /* AFNetworkActivityIndicatorManager.m in Sources */ = {isa = PBXBuildFile; fileRef = 41325B6C17DC6F5F0010F16A /* AFNetworkActivityIndicatorManager.m */; };
		41325B7B17DC6F5F0010F16A /* AFPropertyListRequestOperation.m in Sources */ = {isa = PBXBuildFile; fileRef = 41325B6F17DC6F5F0010F16A /* AFPropertyListRequestOperation.m */; };
		41325B7C17DC6F5F0010F16A /* AFURLConnectionOperation.m in Sources */ = {isa = PBXBuildFile; fileRef = 41325B7117DC6F5F0010F16A /* AFURLConnectionOperation.m */; };
		41325B7D17DC6F5F0010F16A /* AFXMLRequestOperation.m in Sources */ = {isa = PBXBuildFile; fileRef = 41325B7317DC6F5F0010F16A /* AFXMLRequestOperation.m */; };
		41325B7E17DC6F5F0010F16A /* UIImageView+AFNetworking.m in Sources */ = {isa = PBXBuildFile; fileRef = 41325B7517DC6F5F0010F16A /* UIImageView+AFNetworking.m */; };
		41325B8017DC70A40010F16A /* SystemConfiguration.framework in Frameworks */ = {isa = PBXBuildFile; fileRef = 41325B7F17DC70A40010F16A /* SystemConfiguration.framework */; };
		41325B8217DC70AC0010F16A /* MobileCoreServices.framework in Frameworks */ = {isa = PBXBuildFile; fileRef = 41325B8117DC70AC0010F16A /* MobileCoreServices.framework */; };
		41325BA117DC83750010F16A /* CFShareCircleView.m in Sources */ = {isa = PBXBuildFile; fileRef = 41325B8517DC83750010F16A /* CFShareCircleView.m */; };
		41325BA217DC83750010F16A /* CFSharer.m in Sources */ = {isa = PBXBuildFile; fileRef = 41325B8717DC83750010F16A /* CFSharer.m */; };
		41325BA317DC83750010F16A /* camera_roll.png in Resources */ = {isa = PBXBuildFile; fileRef = 41325B8917DC83750010F16A /* camera_roll.png */; };
		41325BA417DC83750010F16A /* camera_roll@2x.png in Resources */ = {isa = PBXBuildFile; fileRef = 41325B8A17DC83750010F16A /* camera_roll@2x.png */; };
		41325BA517DC83750010F16A /* close.png in Resources */ = {isa = PBXBuildFile; fileRef = 41325B8B17DC83750010F16A /* close.png */; };
		41325BA617DC83750010F16A /* close@2x.png in Resources */ = {isa = PBXBuildFile; fileRef = 41325B8C17DC83750010F16A /* close@2x.png */; };
		41325BA717DC83750010F16A /* dropbox.png in Resources */ = {isa = PBXBuildFile; fileRef = 41325B8D17DC83750010F16A /* dropbox.png */; };
		41325BA817DC83750010F16A /* dropbox@2x.png in Resources */ = {isa = PBXBuildFile; fileRef = 41325B8E17DC83750010F16A /* dropbox@2x.png */; };
		41325BA917DC83750010F16A /* evernote.png in Resources */ = {isa = PBXBuildFile; fileRef = 41325B8F17DC83750010F16A /* evernote.png */; };
		41325BAA17DC83750010F16A /* evernote@2x.png in Resources */ = {isa = PBXBuildFile; fileRef = 41325B9017DC83750010F16A /* evernote@2x.png */; };
		41325BAB17DC83750010F16A /* facebook.png in Resources */ = {isa = PBXBuildFile; fileRef = 41325B9117DC83750010F16A /* facebook.png */; };
		41325BAC17DC83750010F16A /* facebook@2x.png in Resources */ = {isa = PBXBuildFile; fileRef = 41325B9217DC83750010F16A /* facebook@2x.png */; };
		41325BAD17DC83750010F16A /* google_drive.png in Resources */ = {isa = PBXBuildFile; fileRef = 41325B9317DC83750010F16A /* google_drive.png */; };
		41325BAE17DC83750010F16A /* google_drive@2x.png in Resources */ = {isa = PBXBuildFile; fileRef = 41325B9417DC83750010F16A /* google_drive@2x.png */; };
		41325BAF17DC83750010F16A /* mail.png in Resources */ = {isa = PBXBuildFile; fileRef = 41325B9517DC83750010F16A /* mail.png */; };
		41325BB017DC83750010F16A /* mail@2x.png in Resources */ = {isa = PBXBuildFile; fileRef = 41325B9617DC83750010F16A /* mail@2x.png */; };
		41325BB117DC83750010F16A /* more copy.png in Resources */ = {isa = PBXBuildFile; fileRef = 41325B9717DC83750010F16A /* more copy.png */; };
		41325BB217DC83750010F16A /* more@2x copy.png in Resources */ = {isa = PBXBuildFile; fileRef = 41325B9817DC83750010F16A /* more@2x copy.png */; };
		41325BB317DC83750010F16A /* pinterest copy.png in Resources */ = {isa = PBXBuildFile; fileRef = 41325B9917DC83750010F16A /* pinterest copy.png */; };
		41325BB417DC83750010F16A /* pinterest.png in Resources */ = {isa = PBXBuildFile; fileRef = 41325B9A17DC83750010F16A /* pinterest.png */; };
		41325BB517DC83750010F16A /* pinterest@2x copy.png in Resources */ = {isa = PBXBuildFile; fileRef = 41325B9B17DC83750010F16A /* pinterest@2x copy.png */; };
		41325BB617DC83750010F16A /* pinterest@2x.png in Resources */ = {isa = PBXBuildFile; fileRef = 41325B9C17DC83750010F16A /* pinterest@2x.png */; };
		41325BB717DC83750010F16A /* twitter copy.png in Resources */ = {isa = PBXBuildFile; fileRef = 41325B9D17DC83750010F16A /* twitter copy.png */; };
		41325BB817DC83750010F16A /* twitter.png in Resources */ = {isa = PBXBuildFile; fileRef = 41325B9E17DC83750010F16A /* twitter.png */; };
		41325BB917DC83750010F16A /* twitter@2x copy.png in Resources */ = {isa = PBXBuildFile; fileRef = 41325B9F17DC83750010F16A /* twitter@2x copy.png */; };
		41325BBA17DC83750010F16A /* twitter@2x.png in Resources */ = {isa = PBXBuildFile; fileRef = 41325BA017DC83750010F16A /* twitter@2x.png */; };
		41325BBC17DC84A50010F16A /* Social.framework in Frameworks */ = {isa = PBXBuildFile; fileRef = 41325BBB17DC84A50010F16A /* Social.framework */; };
		41325BBF17DC857B0010F16A /* facebook-login.png in Resources */ = {isa = PBXBuildFile; fileRef = 41325BBD17DC857B0010F16A /* facebook-login.png */; };
		41325BC017DC857B0010F16A /* facebook-login@2x.png in Resources */ = {isa = PBXBuildFile; fileRef = 41325BBE17DC857B0010F16A /* facebook-login@2x.png */; };
		41325BC217DC87780010F16A /* DropboxSDK.framework in Frameworks */ = {isa = PBXBuildFile; fileRef = 41325BC117DC87780010F16A /* DropboxSDK.framework */; };
		41325BC517DC8D2F0010F16A /* dropbox-share.png in Resources */ = {isa = PBXBuildFile; fileRef = 41325BC317DC8D2F0010F16A /* dropbox-share.png */; };
		41325BC617DC8D2F0010F16A /* dropbox-share@2x.png in Resources */ = {isa = PBXBuildFile; fileRef = 41325BC417DC8D2F0010F16A /* dropbox-share@2x.png */; };
		416D615617DB51FE003B6726 /* LeagueScriptNumberOne.otf in Resources */ = {isa = PBXBuildFile; fileRef = 416D614717DB51FE003B6726 /* LeagueScriptNumberOne.otf */; };
		416D615717DB51FE003B6726 /* Sail-Regular.otf in Resources */ = {isa = PBXBuildFile; fileRef = 416D614817DB51FE003B6726 /* Sail-Regular.otf */; };
		416D615817DB51FE003B6726 /* AppIcon60x60.png in Resources */ = {isa = PBXBuildFile; fileRef = 416D614A17DB51FE003B6726 /* AppIcon60x60.png */; };
		416D615917DB51FE003B6726 /* AppIcon60x60@2x.png in Resources */ = {isa = PBXBuildFile; fileRef = 416D614B17DB51FE003B6726 /* AppIcon60x60@2x.png */; };
		416D615A17DB51FE003B6726 /* background.png in Resources */ = {isa = PBXBuildFile; fileRef = 416D614C17DB51FE003B6726 /* background.png */; };
		416D615B17DB51FE003B6726 /* background@2x.png in Resources */ = {isa = PBXBuildFile; fileRef = 416D614D17DB51FE003B6726 /* background@2x.png */; };
		416D616017DB51FE003B6726 /* profile.png in Resources */ = {isa = PBXBuildFile; fileRef = 416D615217DB51FE003B6726 /* profile.png */; };
		416D616117DB51FE003B6726 /* profile@2x.png in Resources */ = {isa = PBXBuildFile; fileRef = 416D615317DB51FE003B6726 /* profile@2x.png */; };
		416D617117DB5212003B6726 /* main.m in Sources */ = {isa = PBXBuildFile; fileRef = 416D616417DB5212003B6726 /* main.m */; };
		416D617217DB5212003B6726 /* PAAppDelegate.m in Sources */ = {isa = PBXBuildFile; fileRef = 416D616617DB5212003B6726 /* PAAppDelegate.m */; };
		416D617317DB5212003B6726 /* PAProfileViewController.m in Sources */ = {isa = PBXBuildFile; fileRef = 416D616817DB5212003B6726 /* PAProfileViewController.m */; };
		416D617417DB5212003B6726 /* PASelectFriendViewController.m in Sources */ = {isa = PBXBuildFile; fileRef = 416D616A17DB5212003B6726 /* PASelectFriendViewController.m */; };
		416D617617DB5212003B6726 /* PASuggestViewController.m in Sources */ = {isa = PBXBuildFile; fileRef = 416D616E17DB5212003B6726 /* PASuggestViewController.m */; };
		416D617717DB5212003B6726 /* PAViewController.m in Sources */ = {isa = PBXBuildFile; fileRef = 416D617017DB5212003B6726 /* PAViewController.m */; };
		416D617E17DB52D8003B6726 /* main.m in Resources */ = {isa = PBXBuildFile; fileRef = 416D616417DB5212003B6726 /* main.m */; };
		416D617F17DB5319003B6726 /* Main.storyboard in Resources */ = {isa = PBXBuildFile; fileRef = 416D617A17DB5269003B6726 /* Main.storyboard */; };
		416D618217DB538A003B6726 /* InfoPlist.strings in Resources */ = {isa = PBXBuildFile; fileRef = 416D618017DB538A003B6726 /* InfoPlist.strings */; };
		416D618417DB539C003B6726 /* Images.xcassets in Resources */ = {isa = PBXBuildFile; fileRef = 416D618317DB539C003B6726 /* Images.xcassets */; };
		416D618B17DBB165003B6726 /* add.png in Resources */ = {isa = PBXBuildFile; fileRef = 416D618917DBB165003B6726 /* add.png */; };
		416D618C17DBB165003B6726 /* add@2x.png in Resources */ = {isa = PBXBuildFile; fileRef = 416D618A17DBB165003B6726 /* add@2x.png */; };
		417D368817DABB9F00FAD506 /* Foundation.framework in Frameworks */ = {isa = PBXBuildFile; fileRef = 417D368717DABB9F00FAD506 /* Foundation.framework */; };
		417D368A17DABB9F00FAD506 /* CoreGraphics.framework in Frameworks */ = {isa = PBXBuildFile; fileRef = 417D368917DABB9F00FAD506 /* CoreGraphics.framework */; };
		417D368C17DABB9F00FAD506 /* UIKit.framework in Frameworks */ = {isa = PBXBuildFile; fileRef = 417D368B17DABB9F00FAD506 /* UIKit.framework */; };
		417D36A717DABB9F00FAD506 /* XCTest.framework in Frameworks */ = {isa = PBXBuildFile; fileRef = 417D36A617DABB9F00FAD506 /* XCTest.framework */; };
		417D36A817DABB9F00FAD506 /* Foundation.framework in Frameworks */ = {isa = PBXBuildFile; fileRef = 417D368717DABB9F00FAD506 /* Foundation.framework */; };
		417D36A917DABB9F00FAD506 /* UIKit.framework in Frameworks */ = {isa = PBXBuildFile; fileRef = 417D368B17DABB9F00FAD506 /* UIKit.framework */; };
		417D36BD17DABBC100FAD506 /* FacebookSDK.framework in Frameworks */ = {isa = PBXBuildFile; fileRef = 417D36BC17DABBC100FAD506 /* FacebookSDK.framework */; };
		41941BEF17DBC50500875F53 /* FFCircularProgressView.m in Sources */ = {isa = PBXBuildFile; fileRef = 41941BEE17DBC50500875F53 /* FFCircularProgressView.m */; };
		41941BF117DBC52F00875F53 /* QuartzCore.framework in Frameworks */ = {isa = PBXBuildFile; fileRef = 41941BF017DBC52F00875F53 /* QuartzCore.framework */; };
		41A5F5AC17DBE30B00142279 /* Default-568h@2x.png in Resources */ = {isa = PBXBuildFile; fileRef = 41A5F5AB17DBE30B00142279 /* Default-568h@2x.png */; };
		41A5F5B217DBF27E00142279 /* PAProductsTableViewController.m in Sources */ = {isa = PBXBuildFile; fileRef = 41A5F5B117DBF27E00142279 /* PAProductsTableViewController.m */; };
		41A5F5BA17DC0A9600142279 /* CoreData.framework in Frameworks */ = {isa = PBXBuildFile; fileRef = 41A5F5B917DC0A9600142279 /* CoreData.framework */; };
		41A5F5BF17DC0B8A00142279 /* SuggestDataModel.xcdatamodeld in Sources */ = {isa = PBXBuildFile; fileRef = 41A5F5BD17DC0B8A00142279 /* SuggestDataModel.xcdatamodeld */; };
		41A5F5CE17DC196800142279 /* Suggestion.m in Sources */ = {isa = PBXBuildFile; fileRef = 41A5F5CD17DC196800142279 /* Suggestion.m */; };
		41A5F5D417DC232F00142279 /* settings.png in Resources */ = {isa = PBXBuildFile; fileRef = 41A5F5D217DC232F00142279 /* settings.png */; };
		41A5F5D517DC232F00142279 /* settings@2x.png in Resources */ = {isa = PBXBuildFile; fileRef = 41A5F5D317DC232F00142279 /* settings@2x.png */; };
		41A5F5D817DC23B200142279 /* suggestions.png in Resources */ = {isa = PBXBuildFile; fileRef = 41A5F5D617DC23B200142279 /* suggestions.png */; };
		41A5F5D917DC23B200142279 /* suggestions@2x.png in Resources */ = {isa = PBXBuildFile; fileRef = 41A5F5D717DC23B200142279 /* suggestions@2x.png */; };
		41A5F5DC17DC251200142279 /* PASettingsViewController.m in Sources */ = {isa = PBXBuildFile; fileRef = 41A5F5DB17DC251200142279 /* PASettingsViewController.m */; };
/* End PBXBuildFile section */

/* Begin PBXContainerItemProxy section */
		417D36AA17DABB9F00FAD506 /* PBXContainerItemProxy */ = {
			isa = PBXContainerItemProxy;
			containerPortal = 417D367C17DABB9F00FAD506 /* Project object */;
			proxyType = 1;
			remoteGlobalIDString = 417D368317DABB9F00FAD506;
			remoteInfo = Pinch;
		};
/* End PBXContainerItemProxy section */

/* Begin PBXFileReference section */
		41325B4917DC346A0010F16A /* Product.h */ = {isa = PBXFileReference; fileEncoding = 4; lastKnownFileType = sourcecode.c.h; path = Product.h; sourceTree = "<group>"; };
		41325B4A17DC346A0010F16A /* Product.m */ = {isa = PBXFileReference; fileEncoding = 4; lastKnownFileType = sourcecode.c.objc; path = Product.m; sourceTree = "<group>"; };
		41325B4D17DC3B180010F16A /* TTTAddressFormatter.h */ = {isa = PBXFileReference; fileEncoding = 4; lastKnownFileType = sourcecode.c.h; path = TTTAddressFormatter.h; sourceTree = "<group>"; };
		41325B4E17DC3B180010F16A /* TTTAddressFormatter.m */ = {isa = PBXFileReference; fileEncoding = 4; lastKnownFileType = sourcecode.c.objc; path = TTTAddressFormatter.m; sourceTree = "<group>"; };
		41325B4F17DC3B180010F16A /* TTTArrayFormatter.h */ = {isa = PBXFileReference; fileEncoding = 4; lastKnownFileType = sourcecode.c.h; path = TTTArrayFormatter.h; sourceTree = "<group>"; };
		41325B5017DC3B180010F16A /* TTTArrayFormatter.m */ = {isa = PBXFileReference; fileEncoding = 4; lastKnownFileType = sourcecode.c.objc; path = TTTArrayFormatter.m; sourceTree = "<group>"; };
		41325B5117DC3B180010F16A /* TTTLocationFormatter.h */ = {isa = PBXFileReference; fileEncoding = 4; lastKnownFileType = sourcecode.c.h; path = TTTLocationFormatter.h; sourceTree = "<group>"; };
		41325B5217DC3B180010F16A /* TTTLocationFormatter.m */ = {isa = PBXFileReference; fileEncoding = 4; lastKnownFileType = sourcecode.c.objc; path = TTTLocationFormatter.m; sourceTree = "<group>"; };
		41325B5317DC3B180010F16A /* TTTOrdinalNumberFormatter.h */ = {isa = PBXFileReference; fileEncoding = 4; lastKnownFileType = sourcecode.c.h; path = TTTOrdinalNumberFormatter.h; sourceTree = "<group>"; };
		41325B5417DC3B180010F16A /* TTTOrdinalNumberFormatter.m */ = {isa = PBXFileReference; fileEncoding = 4; lastKnownFileType = sourcecode.c.objc; path = TTTOrdinalNumberFormatter.m; sourceTree = "<group>"; };
		41325B5517DC3B180010F16A /* TTTTimeIntervalFormatter.h */ = {isa = PBXFileReference; fileEncoding = 4; lastKnownFileType = sourcecode.c.h; path = TTTTimeIntervalFormatter.h; sourceTree = "<group>"; };
		41325B5617DC3B180010F16A /* TTTTimeIntervalFormatter.m */ = {isa = PBXFileReference; fileEncoding = 4; lastKnownFileType = sourcecode.c.objc; path = TTTTimeIntervalFormatter.m; sourceTree = "<group>"; };
		41325B5717DC3B180010F16A /* TTTUnitOfInformationFormatter.h */ = {isa = PBXFileReference; fileEncoding = 4; lastKnownFileType = sourcecode.c.h; path = TTTUnitOfInformationFormatter.h; sourceTree = "<group>"; };
		41325B5817DC3B180010F16A /* TTTUnitOfInformationFormatter.m */ = {isa = PBXFileReference; fileEncoding = 4; lastKnownFileType = sourcecode.c.objc; path = TTTUnitOfInformationFormatter.m; sourceTree = "<group>"; };
		41325B5917DC3B180010F16A /* TTTURLRequestFormatter.h */ = {isa = PBXFileReference; fileEncoding = 4; lastKnownFileType = sourcecode.c.h; path = TTTURLRequestFormatter.h; sourceTree = "<group>"; };
		41325B5A17DC3B180010F16A /* TTTURLRequestFormatter.m */ = {isa = PBXFileReference; fileEncoding = 4; lastKnownFileType = sourcecode.c.objc; path = TTTURLRequestFormatter.m; sourceTree = "<group>"; };
		41325B6317DC6F5F0010F16A /* AFHTTPClient.h */ = {isa = PBXFileReference; fileEncoding = 4; lastKnownFileType = sourcecode.c.h; path = AFHTTPClient.h; sourceTree = "<group>"; };
		41325B6417DC6F5F0010F16A /* AFHTTPClient.m */ = {isa = PBXFileReference; fileEncoding = 4; lastKnownFileType = sourcecode.c.objc; path = AFHTTPClient.m; sourceTree = "<group>"; };
		41325B6517DC6F5F0010F16A /* AFHTTPRequestOperation.h */ = {isa = PBXFileReference; fileEncoding = 4; lastKnownFileType = sourcecode.c.h; path = AFHTTPRequestOperation.h; sourceTree = "<group>"; };
		41325B6617DC6F5F0010F16A /* AFHTTPRequestOperation.m */ = {isa = PBXFileReference; fileEncoding = 4; lastKnownFileType = sourcecode.c.objc; path = AFHTTPRequestOperation.m; sourceTree = "<group>"; };
		41325B6717DC6F5F0010F16A /* AFImageRequestOperation.h */ = {isa = PBXFileReference; fileEncoding = 4; lastKnownFileType = sourcecode.c.h; path = AFImageRequestOperation.h; sourceTree = "<group>"; };
		41325B6817DC6F5F0010F16A /* AFImageRequestOperation.m */ = {isa = PBXFileReference; fileEncoding = 4; lastKnownFileType = sourcecode.c.objc; path = AFImageRequestOperation.m; sourceTree = "<group>"; };
		41325B6917DC6F5F0010F16A /* AFJSONRequestOperation.h */ = {isa = PBXFileReference; fileEncoding = 4; lastKnownFileType = sourcecode.c.h; path = AFJSONRequestOperation.h; sourceTree = "<group>"; };
		41325B6A17DC6F5F0010F16A /* AFJSONRequestOperation.m */ = {isa = PBXFileReference; fileEncoding = 4; lastKnownFileType = sourcecode.c.objc; path = AFJSONRequestOperation.m; sourceTree = "<group>"; };
		41325B6B17DC6F5F0010F16A /* AFNetworkActivityIndicatorManager.h */ = {isa = PBXFileReference; fileEncoding = 4; lastKnownFileType = sourcecode.c.h; path = AFNetworkActivityIndicatorManager.h; sourceTree = "<group>"; };
		41325B6C17DC6F5F0010F16A /* AFNetworkActivityIndicatorManager.m */ = {isa = PBXFileReference; fileEncoding = 4; lastKnownFileType = sourcecode.c.objc; path = AFNetworkActivityIndicatorManager.m; sourceTree = "<group>"; };
		41325B6D17DC6F5F0010F16A /* AFNetworking.h */ = {isa = PBXFileReference; fileEncoding = 4; lastKnownFileType = sourcecode.c.h; path = AFNetworking.h; sourceTree = "<group>"; };
		41325B6E17DC6F5F0010F16A /* AFPropertyListRequestOperation.h */ = {isa = PBXFileReference; fileEncoding = 4; lastKnownFileType = sourcecode.c.h; path = AFPropertyListRequestOperation.h; sourceTree = "<group>"; };
		41325B6F17DC6F5F0010F16A /* AFPropertyListRequestOperation.m */ = {isa = PBXFileReference; fileEncoding = 4; lastKnownFileType = sourcecode.c.objc; path = AFPropertyListRequestOperation.m; sourceTree = "<group>"; };
		41325B7017DC6F5F0010F16A /* AFURLConnectionOperation.h */ = {isa = PBXFileReference; fileEncoding = 4; lastKnownFileType = sourcecode.c.h; path = AFURLConnectionOperation.h; sourceTree = "<group>"; };
		41325B7117DC6F5F0010F16A /* AFURLConnectionOperation.m */ = {isa = PBXFileReference; fileEncoding = 4; lastKnownFileType = sourcecode.c.objc; path = AFURLConnectionOperation.m; sourceTree = "<group>"; };
		41325B7217DC6F5F0010F16A /* AFXMLRequestOperation.h */ = {isa = PBXFileReference; fileEncoding = 4; lastKnownFileType = sourcecode.c.h; path = AFXMLRequestOperation.h; sourceTree = "<group>"; };
		41325B7317DC6F5F0010F16A /* AFXMLRequestOperation.m */ = {isa = PBXFileReference; fileEncoding = 4; lastKnownFileType = sourcecode.c.objc; path = AFXMLRequestOperation.m; sourceTree = "<group>"; };
		41325B7417DC6F5F0010F16A /* UIImageView+AFNetworking.h */ = {isa = PBXFileReference; fileEncoding = 4; lastKnownFileType = sourcecode.c.h; path = "UIImageView+AFNetworking.h"; sourceTree = "<group>"; };
		41325B7517DC6F5F0010F16A /* UIImageView+AFNetworking.m */ = {isa = PBXFileReference; fileEncoding = 4; lastKnownFileType = sourcecode.c.objc; path = "UIImageView+AFNetworking.m"; sourceTree = "<group>"; };
		41325B7F17DC70A40010F16A /* SystemConfiguration.framework */ = {isa = PBXFileReference; lastKnownFileType = wrapper.framework; name = SystemConfiguration.framework; path = System/Library/Frameworks/SystemConfiguration.framework; sourceTree = SDKROOT; };
		41325B8117DC70AC0010F16A /* MobileCoreServices.framework */ = {isa = PBXFileReference; lastKnownFileType = wrapper.framework; name = MobileCoreServices.framework; path = System/Library/Frameworks/MobileCoreServices.framework; sourceTree = SDKROOT; };
		41325B8417DC83750010F16A /* CFShareCircleView.h */ = {isa = PBXFileReference; fileEncoding = 4; lastKnownFileType = sourcecode.c.h; path = CFShareCircleView.h; sourceTree = "<group>"; };
		41325B8517DC83750010F16A /* CFShareCircleView.m */ = {isa = PBXFileReference; fileEncoding = 4; lastKnownFileType = sourcecode.c.objc; path = CFShareCircleView.m; sourceTree = "<group>"; };
		41325B8617DC83750010F16A /* CFSharer.h */ = {isa = PBXFileReference; fileEncoding = 4; lastKnownFileType = sourcecode.c.h; path = CFSharer.h; sourceTree = "<group>"; };
		41325B8717DC83750010F16A /* CFSharer.m */ = {isa = PBXFileReference; fileEncoding = 4; lastKnownFileType = sourcecode.c.objc; path = CFSharer.m; sourceTree = "<group>"; };
		41325B8917DC83750010F16A /* camera_roll.png */ = {isa = PBXFileReference; lastKnownFileType = image.png; path = camera_roll.png; sourceTree = "<group>"; };
		41325B8A17DC83750010F16A /* camera_roll@2x.png */ = {isa = PBXFileReference; lastKnownFileType = image.png; path = "camera_roll@2x.png"; sourceTree = "<group>"; };
		41325B8B17DC83750010F16A /* close.png */ = {isa = PBXFileReference; lastKnownFileType = image.png; path = close.png; sourceTree = "<group>"; };
		41325B8C17DC83750010F16A /* close@2x.png */ = {isa = PBXFileReference; lastKnownFileType = image.png; path = "close@2x.png"; sourceTree = "<group>"; };
		41325B8D17DC83750010F16A /* dropbox.png */ = {isa = PBXFileReference; lastKnownFileType = image.png; path = dropbox.png; sourceTree = "<group>"; };
		41325B8E17DC83750010F16A /* dropbox@2x.png */ = {isa = PBXFileReference; lastKnownFileType = image.png; path = "dropbox@2x.png"; sourceTree = "<group>"; };
		41325B8F17DC83750010F16A /* evernote.png */ = {isa = PBXFileReference; lastKnownFileType = image.png; path = evernote.png; sourceTree = "<group>"; };
		41325B9017DC83750010F16A /* evernote@2x.png */ = {isa = PBXFileReference; lastKnownFileType = image.png; path = "evernote@2x.png"; sourceTree = "<group>"; };
		41325B9117DC83750010F16A /* facebook.png */ = {isa = PBXFileReference; lastKnownFileType = image.png; path = facebook.png; sourceTree = "<group>"; };
		41325B9217DC83750010F16A /* facebook@2x.png */ = {isa = PBXFileReference; lastKnownFileType = image.png; path = "facebook@2x.png"; sourceTree = "<group>"; };
		41325B9317DC83750010F16A /* google_drive.png */ = {isa = PBXFileReference; lastKnownFileType = image.png; path = google_drive.png; sourceTree = "<group>"; };
		41325B9417DC83750010F16A /* google_drive@2x.png */ = {isa = PBXFileReference; lastKnownFileType = image.png; path = "google_drive@2x.png"; sourceTree = "<group>"; };
		41325B9517DC83750010F16A /* mail.png */ = {isa = PBXFileReference; lastKnownFileType = image.png; path = mail.png; sourceTree = "<group>"; };
		41325B9617DC83750010F16A /* mail@2x.png */ = {isa = PBXFileReference; lastKnownFileType = image.png; path = "mail@2x.png"; sourceTree = "<group>"; };
		41325B9717DC83750010F16A /* more copy.png */ = {isa = PBXFileReference; lastKnownFileType = image.png; path = "more copy.png"; sourceTree = "<group>"; };
		41325B9817DC83750010F16A /* more@2x copy.png */ = {isa = PBXFileReference; lastKnownFileType = image.png; path = "more@2x copy.png"; sourceTree = "<group>"; };
		41325B9917DC83750010F16A /* pinterest copy.png */ = {isa = PBXFileReference; lastKnownFileType = image.png; path = "pinterest copy.png"; sourceTree = "<group>"; };
		41325B9A17DC83750010F16A /* pinterest.png */ = {isa = PBXFileReference; lastKnownFileType = image.png; path = pinterest.png; sourceTree = "<group>"; };
		41325B9B17DC83750010F16A /* pinterest@2x copy.png */ = {isa = PBXFileReference; lastKnownFileType = image.png; path = "pinterest@2x copy.png"; sourceTree = "<group>"; };
		41325B9C17DC83750010F16A /* pinterest@2x.png */ = {isa = PBXFileReference; lastKnownFileType = image.png; path = "pinterest@2x.png"; sourceTree = "<group>"; };
		41325B9D17DC83750010F16A /* twitter copy.png */ = {isa = PBXFileReference; lastKnownFileType = image.png; path = "twitter copy.png"; sourceTree = "<group>"; };
		41325B9E17DC83750010F16A /* twitter.png */ = {isa = PBXFileReference; lastKnownFileType = image.png; path = twitter.png; sourceTree = "<group>"; };
		41325B9F17DC83750010F16A /* twitter@2x copy.png */ = {isa = PBXFileReference; lastKnownFileType = image.png; path = "twitter@2x copy.png"; sourceTree = "<group>"; };
		41325BA017DC83750010F16A /* twitter@2x.png */ = {isa = PBXFileReference; lastKnownFileType = image.png; path = "twitter@2x.png"; sourceTree = "<group>"; };
		41325BBB17DC84A50010F16A /* Social.framework */ = {isa = PBXFileReference; lastKnownFileType = wrapper.framework; name = Social.framework; path = System/Library/Frameworks/Social.framework; sourceTree = SDKROOT; };
		41325BBD17DC857B0010F16A /* facebook-login.png */ = {isa = PBXFileReference; lastKnownFileType = image.png; path = "facebook-login.png"; sourceTree = "<group>"; };
		41325BBE17DC857B0010F16A /* facebook-login@2x.png */ = {isa = PBXFileReference; lastKnownFileType = image.png; path = "facebook-login@2x.png"; sourceTree = "<group>"; };
		41325BC117DC87780010F16A /* DropboxSDK.framework */ = {isa = PBXFileReference; lastKnownFileType = wrapper.framework; path = DropboxSDK.framework; sourceTree = "<group>"; };
		41325BC317DC8D2F0010F16A /* dropbox-share.png */ = {isa = PBXFileReference; lastKnownFileType = image.png; path = "dropbox-share.png"; sourceTree = "<group>"; };
		41325BC417DC8D2F0010F16A /* dropbox-share@2x.png */ = {isa = PBXFileReference; lastKnownFileType = image.png; path = "dropbox-share@2x.png"; sourceTree = "<group>"; };
		416D614717DB51FE003B6726 /* LeagueScriptNumberOne.otf */ = {isa = PBXFileReference; lastKnownFileType = file; path = LeagueScriptNumberOne.otf; sourceTree = "<group>"; };
		416D614817DB51FE003B6726 /* Sail-Regular.otf */ = {isa = PBXFileReference; lastKnownFileType = file; path = "Sail-Regular.otf"; sourceTree = "<group>"; };
		416D614A17DB51FE003B6726 /* AppIcon60x60.png */ = {isa = PBXFileReference; lastKnownFileType = image.png; path = AppIcon60x60.png; sourceTree = "<group>"; };
		416D614B17DB51FE003B6726 /* AppIcon60x60@2x.png */ = {isa = PBXFileReference; lastKnownFileType = image.png; path = "AppIcon60x60@2x.png"; sourceTree = "<group>"; };
		416D614C17DB51FE003B6726 /* background.png */ = {isa = PBXFileReference; lastKnownFileType = image.png; path = background.png; sourceTree = "<group>"; };
		416D614D17DB51FE003B6726 /* background@2x.png */ = {isa = PBXFileReference; lastKnownFileType = image.png; path = "background@2x.png"; sourceTree = "<group>"; };
		416D615217DB51FE003B6726 /* profile.png */ = {isa = PBXFileReference; lastKnownFileType = image.png; path = profile.png; sourceTree = "<group>"; };
		416D615317DB51FE003B6726 /* profile@2x.png */ = {isa = PBXFileReference; lastKnownFileType = image.png; path = "profile@2x.png"; sourceTree = "<group>"; };
		416D616417DB5212003B6726 /* main.m */ = {isa = PBXFileReference; fileEncoding = 4; lastKnownFileType = sourcecode.c.objc; name = main.m; path = Suggest/main.m; sourceTree = SOURCE_ROOT; };
		416D616517DB5212003B6726 /* PAAppDelegate.h */ = {isa = PBXFileReference; fileEncoding = 4; lastKnownFileType = sourcecode.c.h; name = PAAppDelegate.h; path = Suggest/PAAppDelegate.h; sourceTree = SOURCE_ROOT; };
		416D616617DB5212003B6726 /* PAAppDelegate.m */ = {isa = PBXFileReference; fileEncoding = 4; lastKnownFileType = sourcecode.c.objc; name = PAAppDelegate.m; path = Suggest/PAAppDelegate.m; sourceTree = SOURCE_ROOT; };
		416D616717DB5212003B6726 /* PAProfileViewController.h */ = {isa = PBXFileReference; fileEncoding = 4; lastKnownFileType = sourcecode.c.h; name = PAProfileViewController.h; path = Suggest/PAProfileViewController.h; sourceTree = SOURCE_ROOT; };
		416D616817DB5212003B6726 /* PAProfileViewController.m */ = {isa = PBXFileReference; fileEncoding = 4; lastKnownFileType = sourcecode.c.objc; name = PAProfileViewController.m; path = Suggest/PAProfileViewController.m; sourceTree = SOURCE_ROOT; };
		416D616917DB5212003B6726 /* PASelectFriendViewController.h */ = {isa = PBXFileReference; fileEncoding = 4; lastKnownFileType = sourcecode.c.h; name = PASelectFriendViewController.h; path = Suggest/PASelectFriendViewController.h; sourceTree = SOURCE_ROOT; };
		416D616A17DB5212003B6726 /* PASelectFriendViewController.m */ = {isa = PBXFileReference; fileEncoding = 4; lastKnownFileType = sourcecode.c.objc; name = PASelectFriendViewController.m; path = Suggest/PASelectFriendViewController.m; sourceTree = SOURCE_ROOT; };
		416D616D17DB5212003B6726 /* PASuggestViewController.h */ = {isa = PBXFileReference; fileEncoding = 4; lastKnownFileType = sourcecode.c.h; name = PASuggestViewController.h; path = Suggest/PASuggestViewController.h; sourceTree = SOURCE_ROOT; };
		416D616E17DB5212003B6726 /* PASuggestViewController.m */ = {isa = PBXFileReference; fileEncoding = 4; lastKnownFileType = sourcecode.c.objc; name = PASuggestViewController.m; path = Suggest/PASuggestViewController.m; sourceTree = SOURCE_ROOT; };
		416D616F17DB5212003B6726 /* PAViewController.h */ = {isa = PBXFileReference; fileEncoding = 4; lastKnownFileType = sourcecode.c.h; name = PAViewController.h; path = Suggest/PAViewController.h; sourceTree = SOURCE_ROOT; };
		416D617017DB5212003B6726 /* PAViewController.m */ = {isa = PBXFileReference; fileEncoding = 4; lastKnownFileType = sourcecode.c.objc; name = PAViewController.m; path = Suggest/PAViewController.m; sourceTree = SOURCE_ROOT; };
		416D617817DB5225003B6726 /* Suggest-Info.plist */ = {isa = PBXFileReference; lastKnownFileType = text.plist.xml; name = "Suggest-Info.plist"; path = "Suggest/Suggest-Info.plist"; sourceTree = SOURCE_ROOT; };
		416D617917DB5225003B6726 /* Suggest-Prefix.pch */ = {isa = PBXFileReference; lastKnownFileType = sourcecode.c.h; name = "Suggest-Prefix.pch"; path = "Suggest/Suggest-Prefix.pch"; sourceTree = SOURCE_ROOT; };
		416D617B17DB5269003B6726 /* Base */ = {isa = PBXFileReference; lastKnownFileType = file.storyboard; name = Base; path = Suggest/Base.lproj/Main.storyboard; sourceTree = SOURCE_ROOT; };
		416D618117DB538A003B6726 /* en */ = {isa = PBXFileReference; lastKnownFileType = text.plist.strings; name = en; path = Suggest/en.lproj/InfoPlist.strings; sourceTree = SOURCE_ROOT; };
		416D618317DB539C003B6726 /* Images.xcassets */ = {isa = PBXFileReference; lastKnownFileType = folder.assetcatalog; name = Images.xcassets; path = Suggest/Images.xcassets; sourceTree = SOURCE_ROOT; };
		416D618917DBB165003B6726 /* add.png */ = {isa = PBXFileReference; lastKnownFileType = image.png; path = add.png; sourceTree = "<group>"; };
		416D618A17DBB165003B6726 /* add@2x.png */ = {isa = PBXFileReference; lastKnownFileType = image.png; path = "add@2x.png"; sourceTree = "<group>"; };
		417D368417DABB9F00FAD506 /* Suggest.app */ = {isa = PBXFileReference; explicitFileType = wrapper.application; includeInIndex = 0; path = Suggest.app; sourceTree = BUILT_PRODUCTS_DIR; };
		417D368717DABB9F00FAD506 /* Foundation.framework */ = {isa = PBXFileReference; lastKnownFileType = wrapper.framework; name = Foundation.framework; path = System/Library/Frameworks/Foundation.framework; sourceTree = SDKROOT; };
		417D368917DABB9F00FAD506 /* CoreGraphics.framework */ = {isa = PBXFileReference; lastKnownFileType = wrapper.framework; name = CoreGraphics.framework; path = System/Library/Frameworks/CoreGraphics.framework; sourceTree = SDKROOT; };
		417D368B17DABB9F00FAD506 /* UIKit.framework */ = {isa = PBXFileReference; lastKnownFileType = wrapper.framework; name = UIKit.framework; path = System/Library/Frameworks/UIKit.framework; sourceTree = SDKROOT; };
		417D36A517DABB9F00FAD506 /* SuggestTests.xctest */ = {isa = PBXFileReference; explicitFileType = wrapper.cfbundle; includeInIndex = 0; path = SuggestTests.xctest; sourceTree = BUILT_PRODUCTS_DIR; };
		417D36A617DABB9F00FAD506 /* XCTest.framework */ = {isa = PBXFileReference; lastKnownFileType = wrapper.framework; name = XCTest.framework; path = Library/Frameworks/XCTest.framework; sourceTree = DEVELOPER_DIR; };
		417D36BC17DABBC100FAD506 /* FacebookSDK.framework */ = {isa = PBXFileReference; lastKnownFileType = wrapper.framework; path = FacebookSDK.framework; sourceTree = "<group>"; };
		41941BED17DBC50500875F53 /* FFCircularProgressView.h */ = {isa = PBXFileReference; fileEncoding = 4; lastKnownFileType = sourcecode.c.h; path = FFCircularProgressView.h; sourceTree = "<group>"; };
		41941BEE17DBC50500875F53 /* FFCircularProgressView.m */ = {isa = PBXFileReference; fileEncoding = 4; lastKnownFileType = sourcecode.c.objc; path = FFCircularProgressView.m; sourceTree = "<group>"; };
		41941BF017DBC52F00875F53 /* QuartzCore.framework */ = {isa = PBXFileReference; lastKnownFileType = wrapper.framework; name = QuartzCore.framework; path = System/Library/Frameworks/QuartzCore.framework; sourceTree = SDKROOT; };
		41A5F5AB17DBE30B00142279 /* Default-568h@2x.png */ = {isa = PBXFileReference; lastKnownFileType = image.png; path = "Default-568h@2x.png"; sourceTree = "<group>"; };
		41A5F5B017DBF27E00142279 /* PAProductsTableViewController.h */ = {isa = PBXFileReference; fileEncoding = 4; lastKnownFileType = sourcecode.c.h; name = PAProductsTableViewController.h; path = Suggest/PAProductsTableViewController.h; sourceTree = SOURCE_ROOT; };
		41A5F5B117DBF27E00142279 /* PAProductsTableViewController.m */ = {isa = PBXFileReference; fileEncoding = 4; lastKnownFileType = sourcecode.c.objc; name = PAProductsTableViewController.m; path = Suggest/PAProductsTableViewController.m; sourceTree = SOURCE_ROOT; };
		41A5F5B917DC0A9600142279 /* CoreData.framework */ = {isa = PBXFileReference; lastKnownFileType = wrapper.framework; name = CoreData.framework; path = System/Library/Frameworks/CoreData.framework; sourceTree = SDKROOT; };
		41A5F5BE17DC0B8A00142279 /* SuggestDataModel.xcdatamodel */ = {isa = PBXFileReference; lastKnownFileType = wrapper.xcdatamodel; path = SuggestDataModel.xcdatamodel; sourceTree = "<group>"; };
		41A5F5CC17DC196800142279 /* Suggestion.h */ = {isa = PBXFileReference; fileEncoding = 4; lastKnownFileType = sourcecode.c.h; path = Suggestion.h; sourceTree = "<group>"; };
		41A5F5CD17DC196800142279 /* Suggestion.m */ = {isa = PBXFileReference; fileEncoding = 4; lastKnownFileType = sourcecode.c.objc; path = Suggestion.m; sourceTree = "<group>"; };
		41A5F5D217DC232F00142279 /* settings.png */ = {isa = PBXFileReference; lastKnownFileType = image.png; path = settings.png; sourceTree = "<group>"; };
		41A5F5D317DC232F00142279 /* settings@2x.png */ = {isa = PBXFileReference; lastKnownFileType = image.png; path = "settings@2x.png"; sourceTree = "<group>"; };
		41A5F5D617DC23B200142279 /* suggestions.png */ = {isa = PBXFileReference; lastKnownFileType = image.png; path = suggestions.png; sourceTree = "<group>"; };
		41A5F5D717DC23B200142279 /* suggestions@2x.png */ = {isa = PBXFileReference; lastKnownFileType = image.png; path = "suggestions@2x.png"; sourceTree = "<group>"; };
		41A5F5DA17DC251200142279 /* PASettingsViewController.h */ = {isa = PBXFileReference; fileEncoding = 4; lastKnownFileType = sourcecode.c.h; path = PASettingsViewController.h; sourceTree = SOURCE_ROOT; };
		41A5F5DB17DC251200142279 /* PASettingsViewController.m */ = {isa = PBXFileReference; fileEncoding = 4; lastKnownFileType = sourcecode.c.objc; path = PASettingsViewController.m; sourceTree = SOURCE_ROOT; };
/* End PBXFileReference section */

/* Begin PBXFrameworksBuildPhase section */
		417D368117DABB9F00FAD506 /* Frameworks */ = {
			isa = PBXFrameworksBuildPhase;
			buildActionMask = 2147483647;
			files = (
				41325BBC17DC84A50010F16A /* Social.framework in Frameworks */,
				41325B8217DC70AC0010F16A /* MobileCoreServices.framework in Frameworks */,
				41325B8017DC70A40010F16A /* SystemConfiguration.framework in Frameworks */,
				41A5F5BA17DC0A9600142279 /* CoreData.framework in Frameworks */,
				41941BF117DBC52F00875F53 /* QuartzCore.framework in Frameworks */,
				417D368A17DABB9F00FAD506 /* CoreGraphics.framework in Frameworks */,
				417D36BD17DABBC100FAD506 /* FacebookSDK.framework in Frameworks */,
				417D368C17DABB9F00FAD506 /* UIKit.framework in Frameworks */,
				41325BC217DC87780010F16A /* DropboxSDK.framework in Frameworks */,
				417D368817DABB9F00FAD506 /* Foundation.framework in Frameworks */,
			);
			runOnlyForDeploymentPostprocessing = 0;
		};
		417D36A217DABB9F00FAD506 /* Frameworks */ = {
			isa = PBXFrameworksBuildPhase;
			buildActionMask = 2147483647;
			files = (
				417D36A717DABB9F00FAD506 /* XCTest.framework in Frameworks */,
				417D36A917DABB9F00FAD506 /* UIKit.framework in Frameworks */,
				417D36A817DABB9F00FAD506 /* Foundation.framework in Frameworks */,
			);
			runOnlyForDeploymentPostprocessing = 0;
		};
/* End PBXFrameworksBuildPhase section */

/* Begin PBXGroup section */
		41325B4C17DC3B180010F16A /* FormatterKit */ = {
			isa = PBXGroup;
			children = (
				41325B4D17DC3B180010F16A /* TTTAddressFormatter.h */,
				41325B4E17DC3B180010F16A /* TTTAddressFormatter.m */,
				41325B4F17DC3B180010F16A /* TTTArrayFormatter.h */,
				41325B5017DC3B180010F16A /* TTTArrayFormatter.m */,
				41325B5117DC3B180010F16A /* TTTLocationFormatter.h */,
				41325B5217DC3B180010F16A /* TTTLocationFormatter.m */,
				41325B5317DC3B180010F16A /* TTTOrdinalNumberFormatter.h */,
				41325B5417DC3B180010F16A /* TTTOrdinalNumberFormatter.m */,
				41325B5517DC3B180010F16A /* TTTTimeIntervalFormatter.h */,
				41325B5617DC3B180010F16A /* TTTTimeIntervalFormatter.m */,
				41325B5717DC3B180010F16A /* TTTUnitOfInformationFormatter.h */,
				41325B5817DC3B180010F16A /* TTTUnitOfInformationFormatter.m */,
				41325B5917DC3B180010F16A /* TTTURLRequestFormatter.h */,
				41325B5A17DC3B180010F16A /* TTTURLRequestFormatter.m */,
			);
			path = FormatterKit;
			sourceTree = "<group>";
		};
		41325B6217DC6F5F0010F16A /* AFNetworking */ = {
			isa = PBXGroup;
			children = (
				41325B6317DC6F5F0010F16A /* AFHTTPClient.h */,
				41325B6417DC6F5F0010F16A /* AFHTTPClient.m */,
				41325B6517DC6F5F0010F16A /* AFHTTPRequestOperation.h */,
				41325B6617DC6F5F0010F16A /* AFHTTPRequestOperation.m */,
				41325B6717DC6F5F0010F16A /* AFImageRequestOperation.h */,
				41325B6817DC6F5F0010F16A /* AFImageRequestOperation.m */,
				41325B6917DC6F5F0010F16A /* AFJSONRequestOperation.h */,
				41325B6A17DC6F5F0010F16A /* AFJSONRequestOperation.m */,
				41325B6B17DC6F5F0010F16A /* AFNetworkActivityIndicatorManager.h */,
				41325B6C17DC6F5F0010F16A /* AFNetworkActivityIndicatorManager.m */,
				41325B6D17DC6F5F0010F16A /* AFNetworking.h */,
				41325B6E17DC6F5F0010F16A /* AFPropertyListRequestOperation.h */,
				41325B6F17DC6F5F0010F16A /* AFPropertyListRequestOperation.m */,
				41325B7017DC6F5F0010F16A /* AFURLConnectionOperation.h */,
				41325B7117DC6F5F0010F16A /* AFURLConnectionOperation.m */,
				41325B7217DC6F5F0010F16A /* AFXMLRequestOperation.h */,
				41325B7317DC6F5F0010F16A /* AFXMLRequestOperation.m */,
				41325B7417DC6F5F0010F16A /* UIImageView+AFNetworking.h */,
				41325B7517DC6F5F0010F16A /* UIImageView+AFNetworking.m */,
			);
			path = AFNetworking;
			sourceTree = "<group>";
		};
		41325B8317DC83750010F16A /* CFShareCircle */ = {
			isa = PBXGroup;
			children = (
				41325B8417DC83750010F16A /* CFShareCircleView.h */,
				41325B8517DC83750010F16A /* CFShareCircleView.m */,
				41325B8617DC83750010F16A /* CFSharer.h */,
				41325B8717DC83750010F16A /* CFSharer.m */,
				41325B8817DC83750010F16A /* Resources */,
			);
			path = CFShareCircle;
			sourceTree = "<group>";
		};
		41325B8817DC83750010F16A /* Resources */ = {
			isa = PBXGroup;
			children = (
				41325B8917DC83750010F16A /* camera_roll.png */,
				41325B8A17DC83750010F16A /* camera_roll@2x.png */,
				41325B8B17DC83750010F16A /* close.png */,
				41325B8C17DC83750010F16A /* close@2x.png */,
				41325B8D17DC83750010F16A /* dropbox.png */,
				41325B8E17DC83750010F16A /* dropbox@2x.png */,
				41325B8F17DC83750010F16A /* evernote.png */,
				41325B9017DC83750010F16A /* evernote@2x.png */,
				41325B9117DC83750010F16A /* facebook.png */,
				41325B9217DC83750010F16A /* facebook@2x.png */,
				41325B9317DC83750010F16A /* google_drive.png */,
				41325B9417DC83750010F16A /* google_drive@2x.png */,
				41325B9517DC83750010F16A /* mail.png */,
				41325B9617DC83750010F16A /* mail@2x.png */,
				41325B9717DC83750010F16A /* more copy.png */,
				41325B9817DC83750010F16A /* more@2x copy.png */,
				41325B9917DC83750010F16A /* pinterest copy.png */,
				41325B9A17DC83750010F16A /* pinterest.png */,
				41325B9B17DC83750010F16A /* pinterest@2x copy.png */,
				41325B9C17DC83750010F16A /* pinterest@2x.png */,
				41325B9D17DC83750010F16A /* twitter copy.png */,
				41325B9E17DC83750010F16A /* twitter.png */,
				41325B9F17DC83750010F16A /* twitter@2x copy.png */,
				41325BA017DC83750010F16A /* twitter@2x.png */,
			);
			path = Resources;
			sourceTree = "<group>";
		};
		416D614517DB51FE003B6726 /* Resources */ = {
			isa = PBXGroup;
			children = (
				416D614617DB51FE003B6726 /* Fonts */,
				416D614917DB51FE003B6726 /* Images */,
			);
			name = Resources;
			path = Suggest/Resources;
			sourceTree = SOURCE_ROOT;
		};
		416D614617DB51FE003B6726 /* Fonts */ = {
			isa = PBXGroup;
			children = (
				416D614717DB51FE003B6726 /* LeagueScriptNumberOne.otf */,
				416D614817DB51FE003B6726 /* Sail-Regular.otf */,
			);
			path = Fonts;
			sourceTree = "<group>";
		};
		416D614917DB51FE003B6726 /* Images */ = {
			isa = PBXGroup;
			children = (
				41325BC317DC8D2F0010F16A /* dropbox-share.png */,
				41325BC417DC8D2F0010F16A /* dropbox-share@2x.png */,
				41A5F5D617DC23B200142279 /* suggestions.png */,
				41A5F5D717DC23B200142279 /* suggestions@2x.png */,
				41A5F5D217DC232F00142279 /* settings.png */,
				41325BBD17DC857B0010F16A /* facebook-login.png */,
				41325BBE17DC857B0010F16A /* facebook-login@2x.png */,
				41A5F5D317DC232F00142279 /* settings@2x.png */,
				41A5F5AB17DBE30B00142279 /* Default-568h@2x.png */,
				416D618917DBB165003B6726 /* add.png */,
				416D618A17DBB165003B6726 /* add@2x.png */,
				416D614A17DB51FE003B6726 /* AppIcon60x60.png */,
				416D614B17DB51FE003B6726 /* AppIcon60x60@2x.png */,
				416D614C17DB51FE003B6726 /* background.png */,
				416D614D17DB51FE003B6726 /* background@2x.png */,
				416D615217DB51FE003B6726 /* profile.png */,
				416D615317DB51FE003B6726 /* profile@2x.png */,
			);
			path = Images;
			sourceTree = "<group>";
		};
		417D367B17DABB9F00FAD506 = {
			isa = PBXGroup;
			children = (
				417D368D17DABB9F00FAD506 /* Suggest */,
				417D368617DABB9F00FAD506 /* Frameworks */,
				417D368517DABB9F00FAD506 /* Products */,
			);
			sourceTree = "<group>";
		};
		417D368517DABB9F00FAD506 /* Products */ = {
			isa = PBXGroup;
			children = (
				417D368417DABB9F00FAD506 /* Suggest.app */,
				417D36A517DABB9F00FAD506 /* SuggestTests.xctest */,
			);
			name = Products;
			sourceTree = "<group>";
		};
		417D368617DABB9F00FAD506 /* Frameworks */ = {
			isa = PBXGroup;
			children = (
				41325BC117DC87780010F16A /* DropboxSDK.framework */,
				41325BBB17DC84A50010F16A /* Social.framework */,
				41325B8117DC70AC0010F16A /* MobileCoreServices.framework */,
				41325B7F17DC70A40010F16A /* SystemConfiguration.framework */,
				41A5F5B917DC0A9600142279 /* CoreData.framework */,
				41941BF017DBC52F00875F53 /* QuartzCore.framework */,
				417D36BC17DABBC100FAD506 /* FacebookSDK.framework */,
				417D368717DABB9F00FAD506 /* Foundation.framework */,
				417D368917DABB9F00FAD506 /* CoreGraphics.framework */,
				417D368B17DABB9F00FAD506 /* UIKit.framework */,
				417D36A617DABB9F00FAD506 /* XCTest.framework */,
			);
			name = Frameworks;
			sourceTree = "<group>";
		};
		417D368D17DABB9F00FAD506 /* Suggest */ = {
			isa = PBXGroup;
			children = (
				41A5F5BC17DC0B7800142279 /* Models */,
				41941BEB17DBC50500875F53 /* Vendor */,
				416D617A17DB5269003B6726 /* Main.storyboard */,
				416D616517DB5212003B6726 /* PAAppDelegate.h */,
				416D616617DB5212003B6726 /* PAAppDelegate.m */,
				416D616717DB5212003B6726 /* PAProfileViewController.h */,
				416D616817DB5212003B6726 /* PAProfileViewController.m */,
				416D616917DB5212003B6726 /* PASelectFriendViewController.h */,
				416D616A17DB5212003B6726 /* PASelectFriendViewController.m */,
				416D616D17DB5212003B6726 /* PASuggestViewController.h */,
				416D616E17DB5212003B6726 /* PASuggestViewController.m */,
				416D616F17DB5212003B6726 /* PAViewController.h */,
				416D617017DB5212003B6726 /* PAViewController.m */,
				41A5F5B017DBF27E00142279 /* PAProductsTableViewController.h */,
				41A5F5B117DBF27E00142279 /* PAProductsTableViewController.m */,
				416D618317DB539C003B6726 /* Images.xcassets */,
				416D614517DB51FE003B6726 /* Resources */,
				417D368E17DABB9F00FAD506 /* Supporting Files */,
				41A5F5DA17DC251200142279 /* PASettingsViewController.h */,
				41A5F5DB17DC251200142279 /* PASettingsViewController.m */,
			);
			name = Suggest;
			path = Pinch;
			sourceTree = "<group>";
		};
		417D368E17DABB9F00FAD506 /* Supporting Files */ = {
			isa = PBXGroup;
			children = (
				416D618017DB538A003B6726 /* InfoPlist.strings */,
				416D617817DB5225003B6726 /* Suggest-Info.plist */,
				416D617917DB5225003B6726 /* Suggest-Prefix.pch */,
				416D616417DB5212003B6726 /* main.m */,
			);
			name = "Supporting Files";
			sourceTree = "<group>";
		};
		41941BEB17DBC50500875F53 /* Vendor */ = {
			isa = PBXGroup;
			children = (
				41325B8317DC83750010F16A /* CFShareCircle */,
				41325B6217DC6F5F0010F16A /* AFNetworking */,
				41325B4C17DC3B180010F16A /* FormatterKit */,
				41941BEC17DBC50500875F53 /* FFCircluarProgressView */,
			);
			name = Vendor;
			path = Suggest/Vendor;
			sourceTree = SOURCE_ROOT;
		};
		41941BEC17DBC50500875F53 /* FFCircluarProgressView */ = {
			isa = PBXGroup;
			children = (
				41941BED17DBC50500875F53 /* FFCircularProgressView.h */,
				41941BEE17DBC50500875F53 /* FFCircularProgressView.m */,
			);
			path = FFCircluarProgressView;
			sourceTree = "<group>";
		};
		41A5F5BC17DC0B7800142279 /* Models */ = {
			isa = PBXGroup;
			children = (
				41A5F5BD17DC0B8A00142279 /* SuggestDataModel.xcdatamodeld */,
				41A5F5CC17DC196800142279 /* Suggestion.h */,
				41A5F5CD17DC196800142279 /* Suggestion.m */,
				41325B4917DC346A0010F16A /* Product.h */,
				41325B4A17DC346A0010F16A /* Product.m */,
			);
			name = Models;
			path = Suggest/Models;
			sourceTree = SOURCE_ROOT;
		};
/* End PBXGroup section */

/* Begin PBXNativeTarget section */
		417D368317DABB9F00FAD506 /* Suggest */ = {
			isa = PBXNativeTarget;
			buildConfigurationList = 417D36B617DABB9F00FAD506 /* Build configuration list for PBXNativeTarget "Suggest" */;
			buildPhases = (
				417D368017DABB9F00FAD506 /* Sources */,
				417D368117DABB9F00FAD506 /* Frameworks */,
				417D368217DABB9F00FAD506 /* Resources */,
			);
			buildRules = (
			);
			dependencies = (
			);
			name = Suggest;
			productName = Pinch;
			productReference = 417D368417DABB9F00FAD506 /* Suggest.app */;
			productType = "com.apple.product-type.application";
		};
		417D36A417DABB9F00FAD506 /* SuggestTests */ = {
			isa = PBXNativeTarget;
			buildConfigurationList = 417D36B917DABB9F00FAD506 /* Build configuration list for PBXNativeTarget "SuggestTests" */;
			buildPhases = (
				417D36A117DABB9F00FAD506 /* Sources */,
				417D36A217DABB9F00FAD506 /* Frameworks */,
				417D36A317DABB9F00FAD506 /* Resources */,
			);
			buildRules = (
			);
			dependencies = (
				417D36AB17DABB9F00FAD506 /* PBXTargetDependency */,
			);
			name = SuggestTests;
			productName = PinchTests;
			productReference = 417D36A517DABB9F00FAD506 /* SuggestTests.xctest */;
			productType = "com.apple.product-type.bundle.unit-test";
		};
/* End PBXNativeTarget section */

/* Begin PBXProject section */
		417D367C17DABB9F00FAD506 /* Project object */ = {
			isa = PBXProject;
			attributes = {
				CLASSPREFIX = PA;
				LastUpgradeCheck = 0500;
				ORGANIZATIONNAME = "Camden Fullmer";
				TargetAttributes = {
					417D368317DABB9F00FAD506 = {
						DevelopmentTeam = 32Z3M5VEV6;
					};
					417D36A417DABB9F00FAD506 = {
						TestTargetID = 417D368317DABB9F00FAD506;
					};
				};
			};
			buildConfigurationList = 417D367F17DABB9F00FAD506 /* Build configuration list for PBXProject "Suggest" */;
			compatibilityVersion = "Xcode 3.2";
			developmentRegion = English;
			hasScannedForEncodings = 0;
			knownRegions = (
				en,
				Base,
			);
			mainGroup = 417D367B17DABB9F00FAD506;
			productRefGroup = 417D368517DABB9F00FAD506 /* Products */;
			projectDirPath = "";
			projectRoot = "";
			targets = (
				417D368317DABB9F00FAD506 /* Suggest */,
				417D36A417DABB9F00FAD506 /* SuggestTests */,
			);
		};
/* End PBXProject section */

/* Begin PBXResourcesBuildPhase section */
		417D368217DABB9F00FAD506 /* Resources */ = {
			isa = PBXResourcesBuildPhase;
			buildActionMask = 2147483647;
			files = (
				41325BB817DC83750010F16A /* twitter.png in Resources */,
				41325BA617DC83750010F16A /* close@2x.png in Resources */,
				416D617F17DB5319003B6726 /* Main.storyboard in Resources */,
				416D617E17DB52D8003B6726 /* main.m in Resources */,
				41325BC017DC857B0010F16A /* facebook-login@2x.png in Resources */,
				41325BB717DC83750010F16A /* twitter copy.png in Resources */,
				41325BB517DC83750010F16A /* pinterest@2x copy.png in Resources */,
				41325BA417DC83750010F16A /* camera_roll@2x.png in Resources */,
				41325BB217DC83750010F16A /* more@2x copy.png in Resources */,
				41A5F5D517DC232F00142279 /* settings@2x.png in Resources */,
				416D615717DB51FE003B6726 /* Sail-Regular.otf in Resources */,
				41325BAF17DC83750010F16A /* mail.png in Resources */,
				416D615B17DB51FE003B6726 /* background@2x.png in Resources */,
				41325BAB17DC83750010F16A /* facebook.png in Resources */,
				416D618217DB538A003B6726 /* InfoPlist.strings in Resources */,
				41A5F5AC17DBE30B00142279 /* Default-568h@2x.png in Resources */,
				416D615A17DB51FE003B6726 /* background.png in Resources */,
				416D615817DB51FE003B6726 /* AppIcon60x60.png in Resources */,
				416D618417DB539C003B6726 /* Images.xcassets in Resources */,
				41325BAC17DC83750010F16A /* facebook@2x.png in Resources */,
				41325BBA17DC83750010F16A /* twitter@2x.png in Resources */,
				416D618B17DBB165003B6726 /* add.png in Resources */,
				416D615917DB51FE003B6726 /* AppIcon60x60@2x.png in Resources */,
				41325BB617DC83750010F16A /* pinterest@2x.png in Resources */,
				41325BA817DC83750010F16A /* dropbox@2x.png in Resources */,
				41325BAE17DC83750010F16A /* google_drive@2x.png in Resources */,
				41A5F5D417DC232F00142279 /* settings.png in Resources */,
				41325BA317DC83750010F16A /* camera_roll.png in Resources */,
				41325BB017DC83750010F16A /* mail@2x.png in Resources */,
				41325BA917DC83750010F16A /* evernote.png in Resources */,
				41325BBF17DC857B0010F16A /* facebook-login.png in Resources */,
				416D615617DB51FE003B6726 /* LeagueScriptNumberOne.otf in Resources */,
				41325BB117DC83750010F16A /* more copy.png in Resources */,
				41325BB317DC83750010F16A /* pinterest copy.png in Resources */,
				41325BC517DC8D2F0010F16A /* dropbox-share.png in Resources */,
				41325BA517DC83750010F16A /* close.png in Resources */,
				41325BB917DC83750010F16A /* twitter@2x copy.png in Resources */,
				41325BAA17DC83750010F16A /* evernote@2x.png in Resources */,
				41325BAD17DC83750010F16A /* google_drive.png in Resources */,
				416D618C17DBB165003B6726 /* add@2x.png in Resources */,
				41325BC617DC8D2F0010F16A /* dropbox-share@2x.png in Resources */,
				41A5F5D817DC23B200142279 /* suggestions.png in Resources */,
				41325BB417DC83750010F16A /* pinterest.png in Resources */,
				41325BA717DC83750010F16A /* dropbox.png in Resources */,
				416D616017DB51FE003B6726 /* profile.png in Resources */,
				41A5F5D917DC23B200142279 /* suggestions@2x.png in Resources */,
				416D616117DB51FE003B6726 /* profile@2x.png in Resources */,
			);
			runOnlyForDeploymentPostprocessing = 0;
		};
		417D36A317DABB9F00FAD506 /* Resources */ = {
			isa = PBXResourcesBuildPhase;
			buildActionMask = 2147483647;
			files = (
			);
			runOnlyForDeploymentPostprocessing = 0;
		};
/* End PBXResourcesBuildPhase section */

/* Begin PBXSourcesBuildPhase section */
		417D368017DABB9F00FAD506 /* Sources */ = {
			isa = PBXSourcesBuildPhase;
			buildActionMask = 2147483647;
			files = (
				41325B7C17DC6F5F0010F16A /* AFURLConnectionOperation.m in Sources */,
				41325BA217DC83750010F16A /* CFSharer.m in Sources */,
				41325B5B17DC3B180010F16A /* TTTAddressFormatter.m in Sources */,
				41325B5C17DC3B180010F16A /* TTTArrayFormatter.m in Sources */,
				41A5F5CE17DC196800142279 /* Suggestion.m in Sources */,
				41A5F5B217DBF27E00142279 /* PAProductsTableViewController.m in Sources */,
				41325B5F17DC3B180010F16A /* TTTTimeIntervalFormatter.m in Sources */,
				41A5F5DC17DC251200142279 /* PASettingsViewController.m in Sources */,
				41325B7717DC6F5F0010F16A /* AFHTTPRequestOperation.m in Sources */,
				416D617617DB5212003B6726 /* PASuggestViewController.m in Sources */,
				416D617117DB5212003B6726 /* main.m in Sources */,
				41325B7D17DC6F5F0010F16A /* AFXMLRequestOperation.m in Sources */,
				416D617317DB5212003B6726 /* PAProfileViewController.m in Sources */,
				41325B5E17DC3B180010F16A /* TTTOrdinalNumberFormatter.m in Sources */,
				416D617717DB5212003B6726 /* PAViewController.m in Sources */,
				41325BA117DC83750010F16A /* CFShareCircleView.m in Sources */,
				416D617417DB5212003B6726 /* PASelectFriendViewController.m in Sources */,
				41941BEF17DBC50500875F53 /* FFCircularProgressView.m in Sources */,
				41325B7817DC6F5F0010F16A /* AFImageRequestOperation.m in Sources */,
				41325B6017DC3B180010F16A /* TTTUnitOfInformationFormatter.m in Sources */,
				41325B4B17DC346A0010F16A /* Product.m in Sources */,
				41325B7E17DC6F5F0010F16A /* UIImageView+AFNetworking.m in Sources */,
				41325B7617DC6F5F0010F16A /* AFHTTPClient.m in Sources */,
				41325B7917DC6F5F0010F16A /* AFJSONRequestOperation.m in Sources */,
				41325B5D17DC3B180010F16A /* TTTLocationFormatter.m in Sources */,
				41325B7A17DC6F5F0010F16A /* AFNetworkActivityIndicatorManager.m in Sources */,
				416D617217DB5212003B6726 /* PAAppDelegate.m in Sources */,
				41A5F5BF17DC0B8A00142279 /* SuggestDataModel.xcdatamodeld in Sources */,
				41325B7B17DC6F5F0010F16A /* AFPropertyListRequestOperation.m in Sources */,
				41325B6117DC3B180010F16A /* TTTURLRequestFormatter.m in Sources */,
			);
			runOnlyForDeploymentPostprocessing = 0;
		};
		417D36A117DABB9F00FAD506 /* Sources */ = {
			isa = PBXSourcesBuildPhase;
			buildActionMask = 2147483647;
			files = (
			);
			runOnlyForDeploymentPostprocessing = 0;
		};
/* End PBXSourcesBuildPhase section */

/* Begin PBXTargetDependency section */
		417D36AB17DABB9F00FAD506 /* PBXTargetDependency */ = {
			isa = PBXTargetDependency;
			target = 417D368317DABB9F00FAD506 /* Suggest */;
			targetProxy = 417D36AA17DABB9F00FAD506 /* PBXContainerItemProxy */;
		};
/* End PBXTargetDependency section */

/* Begin PBXVariantGroup section */
		416D617A17DB5269003B6726 /* Main.storyboard */ = {
			isa = PBXVariantGroup;
			children = (
				416D617B17DB5269003B6726 /* Base */,
			);
			name = Main.storyboard;
			sourceTree = "<group>";
		};
		416D618017DB538A003B6726 /* InfoPlist.strings */ = {
			isa = PBXVariantGroup;
			children = (
				416D618117DB538A003B6726 /* en */,
			);
			name = InfoPlist.strings;
			sourceTree = "<group>";
		};
/* End PBXVariantGroup section */

/* Begin XCBuildConfiguration section */
		417D36B417DABB9F00FAD506 /* Debug */ = {
			isa = XCBuildConfiguration;
			buildSettings = {
				ALWAYS_SEARCH_USER_PATHS = NO;
				CLANG_CXX_LANGUAGE_STANDARD = "gnu++0x";
				CLANG_CXX_LIBRARY = "libc++";
				CLANG_ENABLE_MODULES = YES;
				CLANG_ENABLE_OBJC_ARC = YES;
				CLANG_WARN_BOOL_CONVERSION = YES;
				CLANG_WARN_CONSTANT_CONVERSION = YES;
				CLANG_WARN_DIRECT_OBJC_ISA_USAGE = YES_ERROR;
				CLANG_WARN_EMPTY_BODY = YES;
				CLANG_WARN_ENUM_CONVERSION = YES;
				CLANG_WARN_INT_CONVERSION = YES;
				CLANG_WARN_OBJC_ROOT_CLASS = YES_ERROR;
				CLANG_WARN__DUPLICATE_METHOD_MATCH = YES;
				"CODE_SIGN_IDENTITY[sdk=iphoneos*]" = "iPhone Developer";
				COPY_PHASE_STRIP = NO;
				GCC_C_LANGUAGE_STANDARD = gnu99;
				GCC_DYNAMIC_NO_PIC = NO;
				GCC_OPTIMIZATION_LEVEL = 0;
				GCC_PREPROCESSOR_DEFINITIONS = (
					"DEBUG=1",
					"$(inherited)",
				);
				GCC_SYMBOLS_PRIVATE_EXTERN = NO;
				GCC_WARN_ABOUT_RETURN_TYPE = YES_ERROR;
				GCC_WARN_UNDECLARED_SELECTOR = YES;
				GCC_WARN_UNINITIALIZED_AUTOS = YES;
				GCC_WARN_UNUSED_FUNCTION = YES;
				GCC_WARN_UNUSED_VARIABLE = YES;
				IPHONEOS_DEPLOYMENT_TARGET = 7.0;
				ONLY_ACTIVE_ARCH = YES;
				SDKROOT = iphoneos;
			};
			name = Debug;
		};
		417D36B517DABB9F00FAD506 /* Release */ = {
			isa = XCBuildConfiguration;
			buildSettings = {
				ALWAYS_SEARCH_USER_PATHS = NO;
				CLANG_CXX_LANGUAGE_STANDARD = "gnu++0x";
				CLANG_CXX_LIBRARY = "libc++";
				CLANG_ENABLE_MODULES = YES;
				CLANG_ENABLE_OBJC_ARC = YES;
				CLANG_WARN_BOOL_CONVERSION = YES;
				CLANG_WARN_CONSTANT_CONVERSION = YES;
				CLANG_WARN_DIRECT_OBJC_ISA_USAGE = YES_ERROR;
				CLANG_WARN_EMPTY_BODY = YES;
				CLANG_WARN_ENUM_CONVERSION = YES;
				CLANG_WARN_INT_CONVERSION = YES;
				CLANG_WARN_OBJC_ROOT_CLASS = YES_ERROR;
				CLANG_WARN__DUPLICATE_METHOD_MATCH = YES;
				"CODE_SIGN_IDENTITY[sdk=iphoneos*]" = "iPhone Developer";
				COPY_PHASE_STRIP = YES;
				ENABLE_NS_ASSERTIONS = NO;
				GCC_C_LANGUAGE_STANDARD = gnu99;
				GCC_WARN_ABOUT_RETURN_TYPE = YES_ERROR;
				GCC_WARN_UNDECLARED_SELECTOR = YES;
				GCC_WARN_UNINITIALIZED_AUTOS = YES;
				GCC_WARN_UNUSED_FUNCTION = YES;
				GCC_WARN_UNUSED_VARIABLE = YES;
				IPHONEOS_DEPLOYMENT_TARGET = 7.0;
				SDKROOT = iphoneos;
				VALIDATE_PRODUCT = YES;
			};
			name = Release;
		};
		417D36B717DABB9F00FAD506 /* Debug */ = {
			isa = XCBuildConfiguration;
			buildSettings = {
				ASSETCATALOG_COMPILER_APPICON_NAME = AppIcon;
				ASSETCATALOG_COMPILER_LAUNCHIMAGE_NAME = LaunchImage;
				CODE_SIGN_IDENTITY = "iPhone Developer";
				FRAMEWORK_SEARCH_PATHS = (
					"$(inherited)",
					/Users/camdenfullmer/Workspace/Suggest,
				);
				GCC_PRECOMPILE_PREFIX_HEADER = YES;
				GCC_PREFIX_HEADER = "Suggest/Suggest-Prefix.pch";
				INFOPLIST_FILE = "Suggest/Suggest-Info.plist";
				PRODUCT_NAME = Suggest;
				WRAPPER_EXTENSION = app;
			};
			name = Debug;
		};
		417D36B817DABB9F00FAD506 /* Release */ = {
			isa = XCBuildConfiguration;
			buildSettings = {
				ASSETCATALOG_COMPILER_APPICON_NAME = AppIcon;
				ASSETCATALOG_COMPILER_LAUNCHIMAGE_NAME = LaunchImage;
				CODE_SIGN_IDENTITY = "iPhone Developer";
				FRAMEWORK_SEARCH_PATHS = (
					"$(inherited)",
					/Users/camdenfullmer/Workspace/Suggest,
				);
				GCC_PRECOMPILE_PREFIX_HEADER = YES;
				GCC_PREFIX_HEADER = "Suggest/Suggest-Prefix.pch";
				INFOPLIST_FILE = "Suggest/Suggest-Info.plist";
				PRODUCT_NAME = Suggest;
				WRAPPER_EXTENSION = app;
			};
			name = Release;
		};
		417D36BA17DABB9F00FAD506 /* Debug */ = {
			isa = XCBuildConfiguration;
			buildSettings = {
				BUNDLE_LOADER = "$(BUILT_PRODUCTS_DIR)/Pinch.app/Pinch";
				FRAMEWORK_SEARCH_PATHS = (
					"$(SDKROOT)/Developer/Library/Frameworks",
					"$(inherited)",
					"$(DEVELOPER_FRAMEWORKS_DIR)",
				);
				GCC_PRECOMPILE_PREFIX_HEADER = YES;
				GCC_PREFIX_HEADER = "Pinch/Pinch-Prefix.pch";
				GCC_PREPROCESSOR_DEFINITIONS = (
					"DEBUG=1",
					"$(inherited)",
				);
				INFOPLIST_FILE = "PinchTests/SuggestTests-Info.plist";
				PRODUCT_NAME = SuggestTests;
				TEST_HOST = "$(BUNDLE_LOADER)";
				WRAPPER_EXTENSION = xctest;
			};
			name = Debug;
		};
		417D36BB17DABB9F00FAD506 /* Release */ = {
			isa = XCBuildConfiguration;
			buildSettings = {
				BUNDLE_LOADER = "$(BUILT_PRODUCTS_DIR)/Pinch.app/Pinch";
				FRAMEWORK_SEARCH_PATHS = (
					"$(SDKROOT)/Developer/Library/Frameworks",
					"$(inherited)",
					"$(DEVELOPER_FRAMEWORKS_DIR)",
				);
				GCC_PRECOMPILE_PREFIX_HEADER = YES;
				GCC_PREFIX_HEADER = "Pinch/Pinch-Prefix.pch";
				INFOPLIST_FILE = "PinchTests/SuggestTests-Info.plist";
				PRODUCT_NAME = SuggestTests;
				TEST_HOST = "$(BUNDLE_LOADER)";
				WRAPPER_EXTENSION = xctest;
			};
			name = Release;
		};
/* End XCBuildConfiguration section */

/* Begin XCConfigurationList section */
		417D367F17DABB9F00FAD506 /* Build configuration list for PBXProject "Suggest" */ = {
			isa = XCConfigurationList;
			buildConfigurations = (
				417D36B417DABB9F00FAD506 /* Debug */,
				417D36B517DABB9F00FAD506 /* Release */,
			);
			defaultConfigurationIsVisible = 0;
			defaultConfigurationName = Release;
		};
		417D36B617DABB9F00FAD506 /* Build configuration list for PBXNativeTarget "Suggest" */ = {
			isa = XCConfigurationList;
			buildConfigurations = (
				417D36B717DABB9F00FAD506 /* Debug */,
				417D36B817DABB9F00FAD506 /* Release */,
			);
			defaultConfigurationIsVisible = 0;
			defaultConfigurationName = Release;
		};
		417D36B917DABB9F00FAD506 /* Build configuration list for PBXNativeTarget "SuggestTests" */ = {
			isa = XCConfigurationList;
			buildConfigurations = (
				417D36BA17DABB9F00FAD506 /* Debug */,
				417D36BB17DABB9F00FAD506 /* Release */,
			);
			defaultConfigurationIsVisible = 0;
			defaultConfigurationName = Release;
		};
/* End XCConfigurationList section */

/* Begin XCVersionGroup section */
		41A5F5BD17DC0B8A00142279 /* SuggestDataModel.xcdatamodeld */ = {
			isa = XCVersionGroup;
			children = (
				41A5F5BE17DC0B8A00142279 /* SuggestDataModel.xcdatamodel */,
			);
			currentVersion = 41A5F5BE17DC0B8A00142279 /* SuggestDataModel.xcdatamodel */;
			path = SuggestDataModel.xcdatamodeld;
			sourceTree = "<group>";
			versionGroupType = wrapper.xcdatamodel;
		};
/* End XCVersionGroup section */
	};
	rootObject = 417D367C17DABB9F00FAD506 /* Project object */;
}
